Microsoft Visual Studio Solution File, Format Version 8.00
Project("{CB4CE8C6-1BDB-4DC7-A4D3-65A1999772F8}") = "OpenFileDialogDemo", "OpenFileDialogDemo.vbdproj", "{015DDA4D-1A0A-4186-BF99-FD8D73F01A95}"
	ProjectSection(ProjectDependencies) = postProject
	EndProjectSection
EndProject
Global
	GlobalSection(SolutionConfiguration) = preSolution
		Debug = Debug
		Release = Release
	EndGlobalSection
	GlobalSection(ProjectConfiguration) = postSolution
		{015DDA4D-1A0A-4186-BF99-FD8D73F01A95}.Debug.ActiveCfg = Debug|Pocket PC
		{015DDA4D-1A0A-4186-BF99-FD8D73F01A95}.Debug.Build.0 = Debug|Pocket PC
		{015DDA4D-1A0A-4186-BF99-FD8D73F01A95}.Debug.Deploy.0 = Debug|Pocket PC
		{015DDA4D-1A0A-4186-BF99-FD8D73F01A95}.Release.ActiveCfg = Release|Pocket PC
		{015DDA4D-1A0A-4186-BF99-FD8D73F01A95}.Release.Build.0 = Release|Pocket PC
		{015DDA4D-1A0A-4186-BF99-FD8D73F01A95}.Release.Deploy.0 = Release|Pocket PC
	EndGlobalSection
	GlobalSection(ExtensibilityGlobals) = postSolution
	EndGlobalSection
	GlobalSection(ExtensibilityAddIns) = postSolution
	EndGlobalSection
EndGlobal
