Microsoft Visual Studio Solution File, Format Version 8.00
Project("{F184B08F-C81C-45F6-A57F-5ABD9991F28F}") = "TCP Server", "TCP Server.vbproj", "{8278C145-E153-45F1-8E9D-4F09C6879DEB}"
	ProjectSection(ProjectDependencies) = postProject
	EndProjectSection
EndProject
Global
	GlobalSection(SolutionConfiguration) = preSolution
		Debug = Debug
		Release = Release
	EndGlobalSection
	GlobalSection(ProjectConfiguration) = postSolution
		{8278C145-E153-45F1-8E9D-4F09C6879DEB}.Debug.ActiveCfg = Debug|.NET
		{8278C145-E153-45F1-8E9D-4F09C6879DEB}.Debug.Build.0 = Debug|.NET
		{8278C145-E153-45F1-8E9D-4F09C6879DEB}.Release.ActiveCfg = Release|.NET
		{8278C145-E153-45F1-8E9D-4F09C6879DEB}.Release.Build.0 = Release|.NET
	EndGlobalSection
	GlobalSection(ExtensibilityGlobals) = postSolution
	EndGlobalSection
	GlobalSection(ExtensibilityAddIns) = postSolution
	EndGlobalSection
EndGlobal
