Microsoft Visual Studio Solution File, Format Version 8.00
Project("{CB4CE8C6-1BDB-4DC7-A4D3-65A1999772F8}") = "SaveFileDialogDemo", "SaveFileDialogDemo.vbdproj", "{7D9DF931-78B5-4B3E-BD42-41D0F3EB5A51}"
	ProjectSection(ProjectDependencies) = postProject
	EndProjectSection
EndProject
Global
	GlobalSection(SolutionConfiguration) = preSolution
		Debug = Debug
		Release = Release
	EndGlobalSection
	GlobalSection(ProjectConfiguration) = postSolution
		{7D9DF931-78B5-4B3E-BD42-41D0F3EB5A51}.Debug.ActiveCfg = Debug|Pocket PC
		{7D9DF931-78B5-4B3E-BD42-41D0F3EB5A51}.Debug.Build.0 = Debug|Pocket PC
		{7D9DF931-78B5-4B3E-BD42-41D0F3EB5A51}.Debug.Deploy.0 = Debug|Pocket PC
		{7D9DF931-78B5-4B3E-BD42-41D0F3EB5A51}.Release.ActiveCfg = Release|Pocket PC
		{7D9DF931-78B5-4B3E-BD42-41D0F3EB5A51}.Release.Build.0 = Release|Pocket PC
		{7D9DF931-78B5-4B3E-BD42-41D0F3EB5A51}.Release.Deploy.0 = Release|Pocket PC
	EndGlobalSection
	GlobalSection(ExtensibilityGlobals) = postSolution
	EndGlobalSection
	GlobalSection(ExtensibilityAddIns) = postSolution
	EndGlobalSection
EndGlobal
