Microsoft Visual Studio Solution File, Format Version 8.00
Project("{CB4CE8C6-1BDB-4DC7-A4D3-65A1999772F8}") = "Report CE Demo", "Report CE Demo.vbdproj", "{000BC118-F978-4886-A46C-030B06A93A9F}"
	ProjectSection(ProjectDependencies) = postProject
	EndProjectSection
EndProject
Global
	GlobalSection(SolutionConfiguration) = preSolution
		Debug = Debug
		Release = Release
	EndGlobalSection
	GlobalSection(ProjectConfiguration) = postSolution
		{000BC118-F978-4886-A46C-030B06A93A9F}.Debug.ActiveCfg = Debug|Pocket PC
		{000BC118-F978-4886-A46C-030B06A93A9F}.Debug.Build.0 = Debug|Pocket PC
		{000BC118-F978-4886-A46C-030B06A93A9F}.Debug.Deploy.0 = Debug|Pocket PC
		{000BC118-F978-4886-A46C-030B06A93A9F}.Release.ActiveCfg = Release|Pocket PC
		{000BC118-F978-4886-A46C-030B06A93A9F}.Release.Build.0 = Release|Pocket PC
		{000BC118-F978-4886-A46C-030B06A93A9F}.Release.Deploy.0 = Release|Pocket PC
	EndGlobalSection
	GlobalSection(ExtensibilityGlobals) = postSolution
	EndGlobalSection
	GlobalSection(ExtensibilityAddIns) = postSolution
	EndGlobalSection
EndGlobal
